
Microsoft Visual Studio Solution File, Format Version 12.00
# Visual Studio Version 17
VisualStudioVersion = 17.9.34728.123
MinimumVisualStudioVersion = 10.0.40219.1
Project("{9A19103F-16F7-4668-BE54-9A1E7A4F7556}") = "PiSec.Api", "PiSec.Api\PiSec.Api.csproj", "{1893BF10-4276-4E7F-85FC-A2075A68F0D3}"
EndProject
Project("{E53339B2-1760-4266-BCC7-CA923CBCF16C}") = "docker-compose", "docker-compose.dcproj", "{AC50198B-1A51-4F8E-914A-9F7E3F119854}"
EndProject
Project("{FAE04EC0-301F-11D3-BF4B-00C04F79EFBC}") = "PiSec.Test", "..\PiSec.Test\PiSec.Test.csproj", "{8592AA36-BCD6-4DA2-A813-7C93DBA6A8F9}"
EndProject
Global
	GlobalSection(SolutionConfigurationPlatforms) = preSolution
		Debug|Any CPU = Debug|Any CPU
		Release|Any CPU = Release|Any CPU
	EndGlobalSection
	GlobalSection(ProjectConfigurationPlatforms) = postSolution
		{1893BF10-4276-4E7F-85FC-A2075A68F0D3}.Debug|Any CPU.ActiveCfg = Debug|Any CPU
		{1893BF10-4276-4E7F-85FC-A2075A68F0D3}.Debug|Any CPU.Build.0 = Debug|Any CPU
		{1893BF10-4276-4E7F-85FC-A2075A68F0D3}.Release|Any CPU.ActiveCfg = Release|Any CPU
		{1893BF10-4276-4E7F-85FC-A2075A68F0D3}.Release|Any CPU.Build.0 = Release|Any CPU
		{AC50198B-1A51-4F8E-914A-9F7E3F119854}.Debug|Any CPU.ActiveCfg = Debug|Any CPU
		{AC50198B-1A51-4F8E-914A-9F7E3F119854}.Debug|Any CPU.Build.0 = Debug|Any CPU
		{AC50198B-1A51-4F8E-914A-9F7E3F119854}.Release|Any CPU.ActiveCfg = Release|Any CPU
		{AC50198B-1A51-4F8E-914A-9F7E3F119854}.Release|Any CPU.Build.0 = Release|Any CPU
		{8592AA36-BCD6-4DA2-A813-7C93DBA6A8F9}.Debug|Any CPU.ActiveCfg = Debug|Any CPU
		{8592AA36-BCD6-4DA2-A813-7C93DBA6A8F9}.Debug|Any CPU.Build.0 = Debug|Any CPU
		{8592AA36-BCD6-4DA2-A813-7C93DBA6A8F9}.Release|Any CPU.ActiveCfg = Release|Any CPU
		{8592AA36-BCD6-4DA2-A813-7C93DBA6A8F9}.Release|Any CPU.Build.0 = Release|Any CPU
	EndGlobalSection
	GlobalSection(SolutionProperties) = preSolution
		HideSolutionNode = FALSE
	EndGlobalSection
	GlobalSection(ExtensibilityGlobals) = postSolution
		SolutionGuid = {AF9E0808-55AD-4EC4-8618-DB6758E30994}
	EndGlobalSection
EndGlobal
